
Microsoft Visual Studio Solution File, Format Version 12.00
# Visual Studio Version 16
VisualStudioVersion = 16.0.29102.190
MinimumVisualStudioVersion = 10.0.40219.1
Project("{F184B08F-C81C-45F6-A57F-5ABD9991F28F}") = "Reboot", "Tasks\Reboot.vbproj", "{297A312B-1FEB-4C90-85DB-BB3803780390}"
EndProject
Project("{F184B08F-C81C-45F6-A57F-5ABD9991F28F}") = "Launcher", "Launcher\Launcher.vbproj", "{DA18E330-C295-4E80-A7AB-C27DBF93345A}"
EndProject
Global
	GlobalSection(SolutionConfigurationPlatforms) = preSolution
		Debug|Any CPU = Debug|Any CPU
		Debug|Mixed Platforms = Debug|Mixed Platforms
		Debug|x86 = Debug|x86
		Release|Any CPU = Release|Any CPU
		Release|Mixed Platforms = Release|Mixed Platforms
		Release|x86 = Release|x86
	EndGlobalSection
	GlobalSection(ProjectConfigurationPlatforms) = postSolution
		{297A312B-1FEB-4C90-85DB-BB3803780390}.Debug|Any CPU.ActiveCfg = Debug|x86
		{297A312B-1FEB-4C90-85DB-BB3803780390}.Debug|Mixed Platforms.ActiveCfg = Debug|x86
		{297A312B-1FEB-4C90-85DB-BB3803780390}.Debug|Mixed Platforms.Build.0 = Debug|x86
		{297A312B-1FEB-4C90-85DB-BB3803780390}.Debug|x86.ActiveCfg = Debug|x86
		{297A312B-1FEB-4C90-85DB-BB3803780390}.Debug|x86.Build.0 = Debug|x86
		{297A312B-1FEB-4C90-85DB-BB3803780390}.Release|Any CPU.ActiveCfg = Release|x86
		{297A312B-1FEB-4C90-85DB-BB3803780390}.Release|Mixed Platforms.ActiveCfg = Release|x86
		{297A312B-1FEB-4C90-85DB-BB3803780390}.Release|Mixed Platforms.Build.0 = Release|x86
		{297A312B-1FEB-4C90-85DB-BB3803780390}.Release|x86.ActiveCfg = Release|x86
		{297A312B-1FEB-4C90-85DB-BB3803780390}.Release|x86.Build.0 = Release|x86
		{DA18E330-C295-4E80-A7AB-C27DBF93345A}.Debug|Any CPU.ActiveCfg = Debug|Any CPU
		{DA18E330-C295-4E80-A7AB-C27DBF93345A}.Debug|Any CPU.Build.0 = Debug|Any CPU
		{DA18E330-C295-4E80-A7AB-C27DBF93345A}.Debug|Mixed Platforms.ActiveCfg = Debug|Any CPU
		{DA18E330-C295-4E80-A7AB-C27DBF93345A}.Debug|Mixed Platforms.Build.0 = Debug|Any CPU
		{DA18E330-C295-4E80-A7AB-C27DBF93345A}.Debug|x86.ActiveCfg = Debug|Any CPU
		{DA18E330-C295-4E80-A7AB-C27DBF93345A}.Release|Any CPU.ActiveCfg = Release|Any CPU
		{DA18E330-C295-4E80-A7AB-C27DBF93345A}.Release|Any CPU.Build.0 = Release|Any CPU
		{DA18E330-C295-4E80-A7AB-C27DBF93345A}.Release|Mixed Platforms.ActiveCfg = Release|Any CPU
		{DA18E330-C295-4E80-A7AB-C27DBF93345A}.Release|Mixed Platforms.Build.0 = Release|Any CPU
		{DA18E330-C295-4E80-A7AB-C27DBF93345A}.Release|x86.ActiveCfg = Release|Any CPU
	EndGlobalSection
	GlobalSection(SolutionProperties) = preSolution
		HideSolutionNode = FALSE
	EndGlobalSection
	GlobalSection(ExtensibilityGlobals) = postSolution
		SolutionGuid = {6AAA49C0-CE44-45CE-883D-845E34BF6DBB}
	EndGlobalSection
EndGlobal
