<?xml version="1.0" encoding="utf-8"?>
<Project ToolsVersion="4.0" xmlns="http://schemas.microsoft.com/developer/msbuild/2003">
  <ItemGroup>
    <Filter Include="Source Files">
      <UniqueIdentifier>{1629464c-b8f4-479a-a77e-c37971a9a3a8}</UniqueIdentifier>
      <Extensions>cpp;c;cxx;rc;def;r;odl;idl;hpj;bat</Extensions>
    </Filter>
    <Filter Include="Header Files">
      <UniqueIdentifier>{759706f8-08e6-46fc-b873-129de9d2498a}</UniqueIdentifier>
      <Extensions>h;hpp;hxx;hm;inl</Extensions>
    </Filter>
    <Filter Include="External Libs">
      <UniqueIdentifier>{e77bd34a-5622-4cad-ab10-8f2adb52aa72}</UniqueIdentifier>
    </Filter>
  </ItemGroup>
  <ItemGroup>
    <ClCompile Include="Account.cpp">
      <Filter>Source Files</Filter>
    </ClCompile>
    <ClCompile Include="Client.cpp">
      <Filter>Source Files</Filter>
    </ClCompile>
    <ClCompile Include="Game.cpp">
      <Filter>Source Files</Filter>
    </ClCompile>
    <ClCompile Include="Item.cpp">
      <Filter>Source Files</Filter>
    </ClCompile>
    <ClCompile Include="Map.cpp">
      <Filter>Source Files</Filter>
    </ClCompile>
    <ClCompile Include="Msg.cpp">
      <Filter>Source Files</Filter>
    </ClCompile>
    <ClCompile Include="source.cpp">
      <Filter>Source Files</Filter>
    </ClCompile>
    <ClCompile Include="SQL.cpp">
      <Filter>Source Files</Filter>
    </ClCompile>
    <ClCompile Include="StrTok.cpp">
      <Filter>Source Files</Filter>
    </ClCompile>
    <ClCompile Include="WorldLog.cpp">
      <Filter>Source Files</Filter>
    </ClCompile>
    <ClCompile Include="XSocket.cpp">
      <Filter>Source Files</Filter>
    </ClCompile>
  </ItemGroup>
  <ItemGroup>
    <ResourceCompile Include="WorldLServer.rc">
      <Filter>Source Files</Filter>
    </ResourceCompile>
  </ItemGroup>
  <ItemGroup>
    <ClInclude Include="Account.h">
      <Filter>Header Files</Filter>
    </ClInclude>
    <ClInclude Include="Client.h">
      <Filter>Header Files</Filter>
    </ClInclude>
    <ClInclude Include="Game.h">
      <Filter>Header Files</Filter>
    </ClInclude>
    <ClInclude Include="Item.h">
      <Filter>Header Files</Filter>
    </ClInclude>
    <ClInclude Include="Map.h">
      <Filter>Header Files</Filter>
    </ClInclude>
    <ClInclude Include="Msg.h">
      <Filter>Header Files</Filter>
    </ClInclude>
    <ClInclude Include="NetMessages.h">
      <Filter>Header Files</Filter>
    </ClInclude>
    <ClInclude Include="source.h">
      <Filter>Header Files</Filter>
    </ClInclude>
    <ClInclude Include="Sql.h">
      <Filter>Header Files</Filter>
    </ClInclude>
    <ClInclude Include="SqlGetCharData.h">
      <Filter>Header Files</Filter>
    </ClInclude>
    <ClInclude Include="StrTok.h">
      <Filter>Header Files</Filter>
    </ClInclude>
    <ClInclude Include="WorldLog.h">
      <Filter>Header Files</Filter>
    </ClInclude>
    <ClInclude Include="XSocket.h">
      <Filter>Header Files</Filter>
    </ClInclude>
  </ItemGroup>
  <ItemGroup>
    <Library Include="WS2_32.LIB">
      <Filter>External Libs</Filter>
    </Library>
    <Library Include="WINMM.LIB">
      <Filter>External Libs</Filter>
    </Library>
  </ItemGroup>
</Project>